
Microsoft Visual Studio Solution File, Format Version 12.00
# Visual Studio Version 16
VisualStudioVersion = 16.0.31410.357
MinimumVisualStudioVersion = 10.0.40219.1
Project("{FAE04EC0-301F-11D3-BF4B-00C04F79EFBC}") = "ConsoleApp6", "ConsoleApp6\ConsoleApp6.csproj", "{37996657-E873-4F9B-B50F-CAD7EE8FBCED}"
EndProject
Project("{FAE04EC0-301F-11D3-BF4B-00C04F79EFBC}") = "TestProject1", "TestProject1\TestProject1.csproj", "{246DBE79-4DE2-4899-8BA6-6989F4760554}"
EndProject
Global
	GlobalSection(SolutionConfigurationPlatforms) = preSolution
		Debug|Any CPU = Debug|Any CPU
		Release|Any CPU = Release|Any CPU
	EndGlobalSection
	GlobalSection(ProjectConfigurationPlatforms) = postSolution
		{37996657-E873-4F9B-B50F-CAD7EE8FBCED}.Debug|Any CPU.ActiveCfg = Debug|Any CPU
		{37996657-E873-4F9B-B50F-CAD7EE8FBCED}.Debug|Any CPU.Build.0 = Debug|Any CPU
		{37996657-E873-4F9B-B50F-CAD7EE8FBCED}.Release|Any CPU.ActiveCfg = Release|Any CPU
		{37996657-E873-4F9B-B50F-CAD7EE8FBCED}.Release|Any CPU.Build.0 = Release|Any CPU
		{246DBE79-4DE2-4899-8BA6-6989F4760554}.Debug|Any CPU.ActiveCfg = Debug|Any CPU
		{246DBE79-4DE2-4899-8BA6-6989F4760554}.Debug|Any CPU.Build.0 = Debug|Any CPU
		{246DBE79-4DE2-4899-8BA6-6989F4760554}.Release|Any CPU.ActiveCfg = Release|Any CPU
		{246DBE79-4DE2-4899-8BA6-6989F4760554}.Release|Any CPU.Build.0 = Release|Any CPU
	EndGlobalSection
	GlobalSection(SolutionProperties) = preSolution
		HideSolutionNode = FALSE
	EndGlobalSection
	GlobalSection(ExtensibilityGlobals) = postSolution
		SolutionGuid = {F6CAE1D8-6D82-467F-A7C6-A14B5D1C99AE}
	EndGlobalSection
EndGlobal
